
Microsoft Visual Studio Solution File, Format Version 12.00
# Visual Studio Version 17
VisualStudioVersion = 17.9.34902.65
MinimumVisualStudioVersion = 10.0.40219.1
Project("{FAE04EC0-301F-11D3-BF4B-00C04F79EFBC}") = "Lab_3_4", "Lab_3_4\Lab_3_4.csproj", "{1D77B9A7-A181-4619-911A-74620B6FD5DC}"
EndProject
Global
	GlobalSection(SolutionConfigurationPlatforms) = preSolution
		Debug|Any CPU = Debug|Any CPU
		Release|Any CPU = Release|Any CPU
	EndGlobalSection
	GlobalSection(ProjectConfigurationPlatforms) = postSolution
		{1D77B9A7-A181-4619-911A-74620B6FD5DC}.Debug|Any CPU.ActiveCfg = Debug|Any CPU
		{1D77B9A7-A181-4619-911A-74620B6FD5DC}.Debug|Any CPU.Build.0 = Debug|Any CPU
		{1D77B9A7-A181-4619-911A-74620B6FD5DC}.Release|Any CPU.ActiveCfg = Release|Any CPU
		{1D77B9A7-A181-4619-911A-74620B6FD5DC}.Release|Any CPU.Build.0 = Release|Any CPU
	EndGlobalSection
	GlobalSection(SolutionProperties) = preSolution
		HideSolutionNode = FALSE
	EndGlobalSection
	GlobalSection(ExtensibilityGlobals) = postSolution
		SolutionGuid = {55061F7B-654D-44BC-933C-46944DB7736C}
	EndGlobalSection
EndGlobal
